<?xml version="1.0" encoding="utf-8"?>
<Project ToolsVersion="4.0" xmlns="http://schemas.microsoft.com/developer/msbuild/2003">
  <ItemGroup>
    <Filter Include="Source Files">
      <UniqueIdentifier>{4FC737F1-C7A5-4376-A066-2A32D752A2FF}</UniqueIdentifier>
      <Extensions>cpp;c;cc;cxx;def;odl;idl;hpj;bat;asm;asmx</Extensions>
    </Filter>
    <Filter Include="Header Files">
      <UniqueIdentifier>{93995380-89BD-4b04-88EB-625FBE52EBFB}</UniqueIdentifier>
      <Extensions>h;hh;hpp;hxx;hm;inl;inc;xsd</Extensions>
    </Filter>
    <Filter Include="Resource Files">
      <UniqueIdentifier>{67DA6AB6-F800-4c08-8B7A-83BB121AAD01}</UniqueIdentifier>
      <Extensions>rc;ico;cur;bmp;dlg;rc2;rct;bin;rgs;gif;jpg;jpeg;jpe;resx;tiff;tif;png;wav;mfcribbon-ms</Extensions>
    </Filter>
  </ItemGroup>
  <ItemGroup>
    <Text Include="ReadMe.txt" />
  </ItemGroup>
  <ItemGroup>
    <ClCompile Include="src\CommandLineParse.cpp">
      <Filter>Source Files</Filter>
    </ClCompile>
    <ClCompile Include="src\json_parser.cpp">
      <Filter>Source Files</Filter>
    </ClCompile>
    <ClCompile Include="src\main.cpp">
      <Filter>Source Files</Filter>
    </ClCompile>
    <ClCompile Include="src\boost_http\server\connection.cpp">
      <Filter>Source Files</Filter>
    </ClCompile>
    <ClCompile Include="src\boost_http\server\connection_manager.cpp">
      <Filter>Source Files</Filter>
    </ClCompile>
    <ClCompile Include="src\boost_http\server\mime_types.cpp">
      <Filter>Source Files</Filter>
    </ClCompile>
    <ClCompile Include="src\boost_http\server\reply.cpp">
      <Filter>Source Files</Filter>
    </ClCompile>
    <ClCompile Include="src\boost_http\server\request_handler.cpp">
      <Filter>Source Files</Filter>
    </ClCompile>
    <ClCompile Include="src\boost_http\server\request_parser.cpp">
      <Filter>Source Files</Filter>
    </ClCompile>
    <ClCompile Include="src\boost_http\server\server.cpp">
      <Filter>Source Files</Filter>
    </ClCompile>
    <ClCompile Include="src\EventEngine.cpp">
      <Filter>Source Files</Filter>
    </ClCompile>
    <ClCompile Include="src\ClientWebSocketHandler.cpp">
      <Filter>Source Files</Filter>
    </ClCompile>
  </ItemGroup>
  <ItemGroup>
    <ClInclude Include="src\boost_http\server\connection.hpp">
      <Filter>Header Files</Filter>
    </ClInclude>
    <ClInclude Include="src\boost_http\server\connection_manager.hpp">
      <Filter>Header Files</Filter>
    </ClInclude>
    <ClInclude Include="src\boost_http\server\header.hpp">
      <Filter>Header Files</Filter>
    </ClInclude>
    <ClInclude Include="src\boost_http\server\mime_types.hpp">
      <Filter>Header Files</Filter>
    </ClInclude>
    <ClInclude Include="src\boost_http\server\reply.hpp">
      <Filter>Header Files</Filter>
    </ClInclude>
    <ClInclude Include="src\boost_http\server\request.hpp">
      <Filter>Header Files</Filter>
    </ClInclude>
    <ClInclude Include="src\boost_http\server\request_handler.hpp">
      <Filter>Header Files</Filter>
    </ClInclude>
    <ClInclude Include="src\boost_http\server\request_parser.hpp">
      <Filter>Header Files</Filter>
    </ClInclude>
    <ClInclude Include="src\boost_http\server\server.hpp">
      <Filter>Header Files</Filter>
    </ClInclude>
    <ClInclude Include="src\_no_copy.h">
      <Filter>Header Files</Filter>
    </ClInclude>
    <ClInclude Include="src\ClientWebSocketHandler.h">
      <Filter>Header Files</Filter>
    </ClInclude>
    <ClInclude Include="src\CommandLineParse.h">
      <Filter>Header Files</Filter>
    </ClInclude>
    <ClInclude Include="src\json_parser.h">
      <Filter>Header Files</Filter>
    </ClInclude>
    <ClInclude Include="src\json_spirit_error_position.h">
      <Filter>Header Files</Filter>
    </ClInclude>
    <ClInclude Include="src\json_spirit_reader_template.h">
      <Filter>Header Files</Filter>
    </ClInclude>
    <ClInclude Include="src\json_spirit_value.h">
      <Filter>Header Files</Filter>
    </ClInclude>
    <ClInclude Include="src\json_spirit_writer_template.h">
      <Filter>Header Files</Filter>
    </ClInclude>
    <ClInclude Include="src\messages.h">
      <Filter>Header Files</Filter>
    </ClInclude>
    <ClInclude Include="src\HttpServer.h">
      <Filter>Header Files</Filter>
    </ClInclude>
    <ClInclude Include="src\EventEngine.h">
      <Filter>Header Files</Filter>
    </ClInclude>
    <ClInclude Include="src\ClientConnectionHandler.h">
      <Filter>Header Files</Filter>
    </ClInclude>
    <ClInclude Include="src\CommandInterpreter.h">
      <Filter>Header Files</Filter>
    </ClInclude>
    <ClInclude Include="src\ConfigFileReader.h">
      <Filter>Header Files</Filter>
    </ClInclude>
  </ItemGroup>
</Project>